// !$*UTF8*$!
{
	archiveVersion = 1;
	classes = {
	};
	objectVersion = 46;
	objects = {

/* Begin PBXBuildFile section */
		C04E3E91DA9F1DD6974A132C /* main.cpp in Sources */ = {isa = PBXBuildFile; fileRef = C04E3E91DA9F1DD6974A132B /* main.cpp */; };
		C04E3E91DA9F1DD6974A1331 /* token.cpp in Sources */ = {isa = PBXBuildFile; fileRef = C04E3E91DA9F1DD6974A1330 /* token.cpp */; };
		C04E3E91DA9F1DD6974A1334 /* scanner.cpp in Sources */ = {isa = PBXBuildFile; fileRef = C04E3E91DA9F1DD6974A1333 /* scanner.cpp */; };
		C04E3E91DA9F1DD6974A1337 /* character_table.cpp in Sources */ = {isa = PBXBuildFile; fileRef = C04E3E91DA9F1DD6974A1336 /* character_table.cpp */; };
		C04E3E91DA9F1DD6974A133E /* file_buffer.cpp in Sources */ = {isa = PBXBuildFile; fileRef = C04E3E91DA9F1DD6974A133D /* file_buffer.cpp */; };
		C04E3E91DA9F1DD6974A1343 /* reserved_words_table.cpp in Sources */ = {isa = PBXBuildFile; fileRef = C04E3E91DA9F1DD6974A1342 /* reserved_words_table.cpp */; };
		C04E3E91DA9F1DD6974A1346 /* syntax_exception.cpp in Sources */ = {isa = PBXBuildFile; fileRef = C04E3E91DA9F1DD6974A1345 /* syntax_exception.cpp */; };
		C04E3E91DA9F1DD6974A1349 /* unexpected_token_exception.cpp in Sources */ = {isa = PBXBuildFile; fileRef = C04E3E91DA9F1DD6974A1348 /* unexpected_token_exception.cpp */; };
		C04E3E91DA9F1DD6974A134C /* unclosed_quote_literal_exception.cpp in Sources */ = {isa = PBXBuildFile; fileRef = C04E3E91DA9F1DD6974A134B /* unclosed_quote_literal_exception.cpp */; };
		C04E3E91DA9F1DD6974A1353 /* integral_literal_token.cpp in Sources */ = {isa = PBXBuildFile; fileRef = C04E3E91DA9F1DD6974A1352 /* integral_literal_token.cpp */; };
		C04E3E91DA9F1DD6974A1356 /* real_literal_token.cpp in Sources */ = {isa = PBXBuildFile; fileRef = C04E3E91DA9F1DD6974A1355 /* real_literal_token.cpp */; };
		C04E3E91DA9F1DD6974A1359 /* string_literal_token.cpp in Sources */ = {isa = PBXBuildFile; fileRef = C04E3E91DA9F1DD6974A1358 /* string_literal_token.cpp */; };
		C04E3E91DA9F1DD6974A135C /* identifier_token.cpp in Sources */ = {isa = PBXBuildFile; fileRef = C04E3E91DA9F1DD6974A135B /* identifier_token.cpp */; };
		C04E3E91DA9F1DD6974A135F /* reserved_word_token.cpp in Sources */ = {isa = PBXBuildFile; fileRef = C04E3E91DA9F1DD6974A135E /* reserved_word_token.cpp */; };
		C04E3E91DA9F1DD6974A1362 /* special_character_token.cpp in Sources */ = {isa = PBXBuildFile; fileRef = C04E3E91DA9F1DD6974A1361 /* special_character_token.cpp */; };
		C04E3E91DA9F1DD6974A1365 /* no_token.cpp in Sources */ = {isa = PBXBuildFile; fileRef = C04E3E91DA9F1DD6974A1364 /* no_token.cpp */; };
		C04E3E91DA9F1DD6974A1368 /* eof_token.cpp in Sources */ = {isa = PBXBuildFile; fileRef = C04E3E91DA9F1DD6974A1367 /* eof_token.cpp */; };
		C04E3E91DA9F1DD6974A136C /* invalid_real_number_exception.cpp in Sources */ = {isa = PBXBuildFile; fileRef = C04E3E91DA9F1DD6974A136B /* invalid_real_number_exception.cpp */; };
		C04E3E91DA9F1DD6974A1371 /* symbol_not_found_exception.cpp in Sources */ = {isa = PBXBuildFile; fileRef = C04E3E91DA9F1DD6974A1370 /* symbol_not_found_exception.cpp */; };
		C04E3E91DA9F1DD6974A1374 /* symbol_table_attribute.cpp in Sources */ = {isa = PBXBuildFile; fileRef = C04E3E91DA9F1DD6974A1373 /* symbol_table_attribute.cpp */; };
		C04E3E91DA9F1DD6974A1377 /* symbol_table_entry.cpp in Sources */ = {isa = PBXBuildFile; fileRef = C04E3E91DA9F1DD6974A1376 /* symbol_table_entry.cpp */; };
		C04E3E91DA9F1DD6974A137B /* symbol_table_stack.cpp in Sources */ = {isa = PBXBuildFile; fileRef = C04E3E91DA9F1DD6974A137A /* symbol_table_stack.cpp */; };
		C04E3E91DA9F1DD6974A137E /* symbol_table.cpp in Sources */ = {isa = PBXBuildFile; fileRef = C04E3E91DA9F1DD6974A137D /* symbol_table.cpp */; };
		C04E3E91DA9F1DD6974A1381 /* parser.cpp in Sources */ = {isa = PBXBuildFile; fileRef = C04E3E91DA9F1DD6974A1380 /* parser.cpp */; };
		C04E3E91DA9F1DD6974A138B /* compiler.cpp in Sources */ = {isa = PBXBuildFile; fileRef = C04E3E91DA9F1DD6974A138A /* compiler.cpp */; };
		C04E3E91DA9F1DD6974A138E /* parser_base.cpp in Sources */ = {isa = PBXBuildFile; fileRef = C04E3E91DA9F1DD6974A138D /* parser_base.cpp */; };
		C04E3E91DA9F1DD6974A1391 /* reserved_word_to_token_converter.cpp in Sources */ = {isa = PBXBuildFile; fileRef = C04E3E91DA9F1DD6974A1390 /* reserved_word_to_token_converter.cpp */; };
		C04E3E91DA9F1DD6974A1394 /* statement_parser.cpp in Sources */ = {isa = PBXBuildFile; fileRef = C04E3E91DA9F1DD6974A1393 /* statement_parser.cpp */; };
		C04E3E91DA9F1DD6974A1399 /* abstract_syntax_tree_node.cpp in Sources */ = {isa = PBXBuildFile; fileRef = C04E3E91DA9F1DD6974A1398 /* abstract_syntax_tree_node.cpp */; };
		C04E3E91DA9F1DD6974A139C /* abstract_syntax_tree.cpp in Sources */ = {isa = PBXBuildFile; fileRef = C04E3E91DA9F1DD6974A139B /* abstract_syntax_tree.cpp */; };
/* End PBXBuildFile section */

/* Begin PBXCopyFilesBuildPhase section */
		C04E3E91DA9F1DD6974A1329 /* CopyFiles */ = {
			isa = PBXCopyFilesBuildPhase;
			buildActionMask = 2147483647;
			dstPath = /usr/share/man/man1/;
			dstSubfolderSpec = 0;
			files = (
			);
			runOnlyForDeploymentPostprocessing = 1;
		};
/* End PBXCopyFilesBuildPhase section */

/* Begin PBXFileReference section */
		C04E3E91DA9F1DD6974A1322 /* TinyPascal */ = {isa = PBXFileReference; explicitFileType = "compiled.mach-o.executable"; includeInIndex = 0; path = TinyPascal; sourceTree = BUILT_PRODUCTS_DIR; };
		C04E3E91DA9F1DD6974A132B /* main.cpp */ = {isa = PBXFileReference; lastKnownFileType = sourcecode.cpp.cpp; path = main.cpp; sourceTree = "<group>"; };
		C04E3E91DA9F1DD6974A132D /* TinyPascal.1 */ = {isa = PBXFileReference; lastKnownFileType = text.man; path = TinyPascal.1; sourceTree = "<group>"; };
		C04E3E91DA9F1DD6974A132F /* special_character_type.h */ = {isa = PBXFileReference; fileEncoding = 4; lastKnownFileType = sourcecode.c.h; path = special_character_type.h; sourceTree = "<group>"; };
		C04E3E91DA9F1DD6974A1330 /* token.cpp */ = {isa = PBXFileReference; fileEncoding = 4; lastKnownFileType = sourcecode.cpp.cpp; path = token.cpp; sourceTree = "<group>"; };
		C04E3E91DA9F1DD6974A1332 /* token.h */ = {isa = PBXFileReference; fileEncoding = 4; lastKnownFileType = sourcecode.c.h; path = token.h; sourceTree = "<group>"; };
		C04E3E91DA9F1DD6974A1333 /* scanner.cpp */ = {isa = PBXFileReference; fileEncoding = 4; lastKnownFileType = sourcecode.cpp.cpp; path = scanner.cpp; sourceTree = "<group>"; };
		C04E3E91DA9F1DD6974A1335 /* scanner.h */ = {isa = PBXFileReference; fileEncoding = 4; lastKnownFileType = sourcecode.c.h; path = scanner.h; sourceTree = "<group>"; };
		C04E3E91DA9F1DD6974A1336 /* character_table.cpp */ = {isa = PBXFileReference; fileEncoding = 4; lastKnownFileType = sourcecode.cpp.cpp; path = character_table.cpp; sourceTree = "<group>"; };
		C04E3E91DA9F1DD6974A1338 /* character_table.h */ = {isa = PBXFileReference; fileEncoding = 4; lastKnownFileType = sourcecode.c.h; path = character_table.h; sourceTree = "<group>"; };
		C04E3E91DA9F1DD6974A1339 /* character_category.h */ = {isa = PBXFileReference; fileEncoding = 4; lastKnownFileType = text; path = character_category.h; sourceTree = "<group>"; };
		C04E3E91DA9F1DD6974A133D /* file_buffer.cpp */ = {isa = PBXFileReference; fileEncoding = 4; lastKnownFileType = sourcecode.cpp.cpp; path = file_buffer.cpp; sourceTree = "<group>"; };
		C04E3E91DA9F1DD6974A133F /* file_buffer.h */ = {isa = PBXFileReference; fileEncoding = 4; lastKnownFileType = sourcecode.c.h; path = file_buffer.h; sourceTree = "<group>"; };
		C04E3E91DA9F1DD6974A1341 /* Example1.txt */ = {isa = PBXFileReference; fileEncoding = 4; lastKnownFileType = text; path = Example1.txt; sourceTree = "<group>"; };
		C04E3E91DA9F1DD6974A1342 /* reserved_words_table.cpp */ = {isa = PBXFileReference; fileEncoding = 4; lastKnownFileType = sourcecode.cpp.objcpp; path = reserved_words_table.cpp; sourceTree = "<group>"; };
		C04E3E91DA9F1DD6974A1344 /* reserved_words_table.h */ = {isa = PBXFileReference; fileEncoding = 4; lastKnownFileType = sourcecode.c.h; path = reserved_words_table.h; sourceTree = "<group>"; };
		C04E3E91DA9F1DD6974A1345 /* syntax_exception.cpp */ = {isa = PBXFileReference; fileEncoding = 4; lastKnownFileType = sourcecode.cpp.cpp; path = syntax_exception.cpp; sourceTree = "<group>"; };
		C04E3E91DA9F1DD6974A1347 /* syntax_exception.h */ = {isa = PBXFileReference; fileEncoding = 4; lastKnownFileType = sourcecode.c.h; path = syntax_exception.h; sourceTree = "<group>"; };
		C04E3E91DA9F1DD6974A1348 /* unexpected_token_exception.cpp */ = {isa = PBXFileReference; fileEncoding = 4; lastKnownFileType = sourcecode.cpp.cpp; path = unexpected_token_exception.cpp; sourceTree = "<group>"; };
		C04E3E91DA9F1DD6974A134A /* unexpected_token_exception.h */ = {isa = PBXFileReference; fileEncoding = 4; lastKnownFileType = sourcecode.c.h; path = unexpected_token_exception.h; sourceTree = "<group>"; };
		C04E3E91DA9F1DD6974A134B /* unclosed_quote_literal_exception.cpp */ = {isa = PBXFileReference; fileEncoding = 4; lastKnownFileType = sourcecode.cpp.cpp; path = unclosed_quote_literal_exception.cpp; sourceTree = "<group>"; };
		C04E3E91DA9F1DD6974A134D /* unclosed_quote_literal_exception.h */ = {isa = PBXFileReference; fileEncoding = 4; lastKnownFileType = sourcecode.c.h; path = unclosed_quote_literal_exception.h; sourceTree = "<group>"; };
		C04E3E91DA9F1DD6974A134E /* pascal_exceptions.h */ = {isa = PBXFileReference; fileEncoding = 4; lastKnownFileType = sourcecode.c.h; path = pascal_exceptions.h; sourceTree = "<group>"; };
		C04E3E91DA9F1DD6974A1352 /* integral_literal_token.cpp */ = {isa = PBXFileReference; fileEncoding = 4; lastKnownFileType = sourcecode.cpp.cpp; path = integral_literal_token.cpp; sourceTree = "<group>"; };
		C04E3E91DA9F1DD6974A1354 /* integral_literal_token.h */ = {isa = PBXFileReference; fileEncoding = 4; lastKnownFileType = sourcecode.c.h; path = integral_literal_token.h; sourceTree = "<group>"; };
		C04E3E91DA9F1DD6974A1355 /* real_literal_token.cpp */ = {isa = PBXFileReference; fileEncoding = 4; lastKnownFileType = sourcecode.cpp.cpp; path = real_literal_token.cpp; sourceTree = "<group>"; };
		C04E3E91DA9F1DD6974A1357 /* real_literal_token.h */ = {isa = PBXFileReference; fileEncoding = 4; lastKnownFileType = sourcecode.c.h; path = real_literal_token.h; sourceTree = "<group>"; };
		C04E3E91DA9F1DD6974A1358 /* string_literal_token.cpp */ = {isa = PBXFileReference; fileEncoding = 4; lastKnownFileType = sourcecode.cpp.objcpp; path = string_literal_token.cpp; sourceTree = "<group>"; };
		C04E3E91DA9F1DD6974A135A /* string_literal_token.h */ = {isa = PBXFileReference; fileEncoding = 4; lastKnownFileType = sourcecode.c.h; path = string_literal_token.h; sourceTree = "<group>"; };
		C04E3E91DA9F1DD6974A135B /* identifier_token.cpp */ = {isa = PBXFileReference; fileEncoding = 4; lastKnownFileType = sourcecode.cpp.cpp; path = identifier_token.cpp; sourceTree = "<group>"; };
		C04E3E91DA9F1DD6974A135D /* identifier_token.h */ = {isa = PBXFileReference; fileEncoding = 4; lastKnownFileType = sourcecode.c.h; path = identifier_token.h; sourceTree = "<group>"; };
		C04E3E91DA9F1DD6974A135E /* reserved_word_token.cpp */ = {isa = PBXFileReference; fileEncoding = 4; lastKnownFileType = sourcecode.cpp.cpp; path = reserved_word_token.cpp; sourceTree = "<group>"; };
		C04E3E91DA9F1DD6974A1360 /* reserved_word_token.h */ = {isa = PBXFileReference; fileEncoding = 4; lastKnownFileType = sourcecode.c.h; path = reserved_word_token.h; sourceTree = "<group>"; };
		C04E3E91DA9F1DD6974A1361 /* special_character_token.cpp */ = {isa = PBXFileReference; fileEncoding = 4; lastKnownFileType = sourcecode.cpp.cpp; path = special_character_token.cpp; sourceTree = "<group>"; };
		C04E3E91DA9F1DD6974A1363 /* special_character_token.h */ = {isa = PBXFileReference; fileEncoding = 4; lastKnownFileType = sourcecode.c.h; path = special_character_token.h; sourceTree = "<group>"; };
		C04E3E91DA9F1DD6974A1364 /* no_token.cpp */ = {isa = PBXFileReference; fileEncoding = 4; lastKnownFileType = sourcecode.cpp.objcpp; path = no_token.cpp; sourceTree = "<group>"; };
		C04E3E91DA9F1DD6974A1366 /* no_token.h */ = {isa = PBXFileReference; fileEncoding = 4; lastKnownFileType = sourcecode.c.h; path = no_token.h; sourceTree = "<group>"; };
		C04E3E91DA9F1DD6974A1367 /* eof_token.cpp */ = {isa = PBXFileReference; fileEncoding = 4; lastKnownFileType = sourcecode.cpp.cpp; path = eof_token.cpp; sourceTree = "<group>"; };
		C04E3E91DA9F1DD6974A1369 /* eof_token.h */ = {isa = PBXFileReference; fileEncoding = 4; lastKnownFileType = sourcecode.c.h; path = eof_token.h; sourceTree = "<group>"; };
		C04E3E91DA9F1DD6974A136A /* reserved_word_type.h */ = {isa = PBXFileReference; fileEncoding = 4; lastKnownFileType = sourcecode.c.h; path = reserved_word_type.h; sourceTree = "<group>"; };
		C04E3E91DA9F1DD6974A136B /* invalid_real_number_exception.cpp */ = {isa = PBXFileReference; fileEncoding = 4; lastKnownFileType = sourcecode.cpp.objcpp; path = invalid_real_number_exception.cpp; sourceTree = "<group>"; };
		C04E3E91DA9F1DD6974A136D /* invalid_real_number_exception.h */ = {isa = PBXFileReference; fileEncoding = 4; lastKnownFileType = sourcecode.c.h; path = invalid_real_number_exception.h; sourceTree = "<group>"; };
		C04E3E91DA9F1DD6974A1370 /* symbol_not_found_exception.cpp */ = {isa = PBXFileReference; fileEncoding = 4; lastKnownFileType = sourcecode.cpp.cpp; name = symbol_not_found_exception.cpp; path = intermediate/symbol_not_found_exception.cpp; sourceTree = "<group>"; };
		C04E3E91DA9F1DD6974A1372 /* symbol_not_found_exception.h */ = {isa = PBXFileReference; fileEncoding = 4; lastKnownFileType = sourcecode.c.h; name = symbol_not_found_exception.h; path = intermediate/symbol_not_found_exception.h; sourceTree = "<group>"; };
		C04E3E91DA9F1DD6974A1373 /* symbol_table_attribute.cpp */ = {isa = PBXFileReference; fileEncoding = 4; lastKnownFileType = sourcecode.cpp.cpp; name = symbol_table_attribute.cpp; path = intermediate/symbol_table_attribute.cpp; sourceTree = "<group>"; };
		C04E3E91DA9F1DD6974A1375 /* symbol_table_attribute.h */ = {isa = PBXFileReference; fileEncoding = 4; lastKnownFileType = sourcecode.c.h; name = symbol_table_attribute.h; path = intermediate/symbol_table_attribute.h; sourceTree = "<group>"; };
		C04E3E91DA9F1DD6974A1376 /* symbol_table_entry.cpp */ = {isa = PBXFileReference; fileEncoding = 4; lastKnownFileType = sourcecode.cpp.cpp; name = symbol_table_entry.cpp; path = intermediate/symbol_table_entry.cpp; sourceTree = "<group>"; };
		C04E3E91DA9F1DD6974A1378 /* symbol_table_entry.h */ = {isa = PBXFileReference; fileEncoding = 4; lastKnownFileType = sourcecode.c.h; name = symbol_table_entry.h; path = intermediate/symbol_table_entry.h; sourceTree = "<group>"; };
		C04E3E91DA9F1DD6974A1379 /* symbol_table_key.h */ = {isa = PBXFileReference; fileEncoding = 4; lastKnownFileType = sourcecode.c.h; name = symbol_table_key.h; path = intermediate/symbol_table_key.h; sourceTree = "<group>"; };
		C04E3E91DA9F1DD6974A137A /* symbol_table_stack.cpp */ = {isa = PBXFileReference; fileEncoding = 4; lastKnownFileType = sourcecode.cpp.cpp; name = symbol_table_stack.cpp; path = intermediate/symbol_table_stack.cpp; sourceTree = "<group>"; };
		C04E3E91DA9F1DD6974A137C /* symbol_table_stack.h */ = {isa = PBXFileReference; fileEncoding = 4; lastKnownFileType = sourcecode.c.h; name = symbol_table_stack.h; path = intermediate/symbol_table_stack.h; sourceTree = "<group>"; };
		C04E3E91DA9F1DD6974A137D /* symbol_table.cpp */ = {isa = PBXFileReference; fileEncoding = 4; lastKnownFileType = sourcecode.cpp.cpp; name = symbol_table.cpp; path = intermediate/symbol_table.cpp; sourceTree = "<group>"; };
		C04E3E91DA9F1DD6974A137F /* symbol_table.h */ = {isa = PBXFileReference; fileEncoding = 4; lastKnownFileType = sourcecode.c.h; name = symbol_table.h; path = intermediate/symbol_table.h; sourceTree = "<group>"; };
		C04E3E91DA9F1DD6974A1380 /* parser.cpp */ = {isa = PBXFileReference; fileEncoding = 4; lastKnownFileType = sourcecode.cpp.cpp; path = parser.cpp; sourceTree = "<group>"; };
		C04E3E91DA9F1DD6974A1382 /* parser.h */ = {isa = PBXFileReference; fileEncoding = 4; lastKnownFileType = sourcecode.c.h; path = parser.h; sourceTree = "<group>"; };
		C04E3E91DA9F1DD6974A138A /* compiler.cpp */ = {isa = PBXFileReference; fileEncoding = 4; lastKnownFileType = sourcecode.cpp.cpp; path = compiler.cpp; sourceTree = "<group>"; };
		C04E3E91DA9F1DD6974A138C /* compiler.h */ = {isa = PBXFileReference; fileEncoding = 4; lastKnownFileType = sourcecode.c.h; path = compiler.h; sourceTree = "<group>"; };
		C04E3E91DA9F1DD6974A138D /* parser_base.cpp */ = {isa = PBXFileReference; fileEncoding = 4; lastKnownFileType = sourcecode.cpp.cpp; path = parser_base.cpp; sourceTree = "<group>"; };
		C04E3E91DA9F1DD6974A138F /* parser_base.h */ = {isa = PBXFileReference; fileEncoding = 4; lastKnownFileType = sourcecode.c.h; path = parser_base.h; sourceTree = "<group>"; };
		C04E3E91DA9F1DD6974A1390 /* reserved_word_to_token_converter.cpp */ = {isa = PBXFileReference; fileEncoding = 4; lastKnownFileType = sourcecode.cpp.cpp; path = reserved_word_to_token_converter.cpp; sourceTree = "<group>"; };
		C04E3E91DA9F1DD6974A1392 /* reserved_word_to_token_converter.h */ = {isa = PBXFileReference; fileEncoding = 4; lastKnownFileType = sourcecode.c.h; path = reserved_word_to_token_converter.h; sourceTree = "<group>"; };
		C04E3E91DA9F1DD6974A1393 /* statement_parser.cpp */ = {isa = PBXFileReference; fileEncoding = 4; lastKnownFileType = sourcecode.cpp.cpp; path = statement_parser.cpp; sourceTree = "<group>"; };
		C04E3E91DA9F1DD6974A1395 /* statement_parser.h */ = {isa = PBXFileReference; fileEncoding = 4; lastKnownFileType = sourcecode.c.h; path = statement_parser.h; sourceTree = "<group>"; };
		C04E3E91DA9F1DD6974A1396 /* token_type.h */ = {isa = PBXFileReference; fileEncoding = 4; lastKnownFileType = sourcecode.c.h; path = token_type.h; sourceTree = "<group>"; };
		C04E3E91DA9F1DD6974A1397 /* abstract_syntax_tree_node_type.h */ = {isa = PBXFileReference; fileEncoding = 4; lastKnownFileType = sourcecode.c.h; name = abstract_syntax_tree_node_type.h; path = intermediate/abstract_syntax_tree_node_type.h; sourceTree = "<group>"; };
		C04E3E91DA9F1DD6974A1398 /* abstract_syntax_tree_node.cpp */ = {isa = PBXFileReference; fileEncoding = 4; lastKnownFileType = sourcecode.cpp.cpp; name = abstract_syntax_tree_node.cpp; path = intermediate/abstract_syntax_tree_node.cpp; sourceTree = "<group>"; };
		C04E3E91DA9F1DD6974A139A /* abstract_syntax_tree_node.h */ = {isa = PBXFileReference; fileEncoding = 4; lastKnownFileType = sourcecode.c.h; name = abstract_syntax_tree_node.h; path = intermediate/abstract_syntax_tree_node.h; sourceTree = "<group>"; };
		C04E3E91DA9F1DD6974A139B /* abstract_syntax_tree.cpp */ = {isa = PBXFileReference; fileEncoding = 4; lastKnownFileType = sourcecode.cpp.cpp; name = abstract_syntax_tree.cpp; path = intermediate/abstract_syntax_tree.cpp; sourceTree = "<group>"; };
		C04E3E91DA9F1DD6974A139D /* abstract_syntax_tree.h */ = {isa = PBXFileReference; fileEncoding = 4; lastKnownFileType = sourcecode.c.h; name = abstract_syntax_tree.h; path = intermediate/abstract_syntax_tree.h; sourceTree = "<group>"; };
/* End PBXFileReference section */

/* Begin PBXFrameworksBuildPhase section */
		C04E3E91DA9F1DD6974A1328 /* Frameworks */ = {
			isa = PBXFrameworksBuildPhase;
			buildActionMask = 2147483647;
			files = (
			);
			runOnlyForDeploymentPostprocessing = 0;
		};
/* End PBXFrameworksBuildPhase section */

/* Begin PBXGroup section */
		C04E3E91DA9F1DD6974A131E = {
			isa = PBXGroup;
			children = (
				C04E3E91DA9F1DD6974A131F /* Products */,
				C04E3E91DA9F1DD6974A132A /* TinyPascal */,
			);
			sourceTree = "<group>";
		};
		C04E3E91DA9F1DD6974A131F /* Products */ = {
			isa = PBXGroup;
			children = (
				C04E3E91DA9F1DD6974A1322 /* TinyPascal */,
			);
			name = Products;
			sourceTree = "<group>";
		};
		C04E3E91DA9F1DD6974A132A /* TinyPascal */ = {
			isa = PBXGroup;
			children = (
				C04E3E91DA9F1DD6974A138C /* compiler.h */,
				C04E3E91DA9F1DD6974A138A /* compiler.cpp */,
				C04E3E91DA9F1DD6974A132D /* TinyPascal.1 */,
				C04E3E91DA9F1DD6974A132B /* main.cpp */,
				C04E3E91DA9F1DD6974A1340 /* Samples */,
				C04E3E91DA9F1DD6974A136E /* frontend */,
				C04E3E91DA9F1DD6974A136F /* intermediate */,
			);
			path = TinyPascal;
			sourceTree = "<group>";
		};
		C04E3E91DA9F1DD6974A1340 /* Samples */ = {
			isa = PBXGroup;
			children = (
				C04E3E91DA9F1DD6974A1341 /* Example1.txt */,
			);
			path = Samples;
			sourceTree = "<group>";
		};
		C04E3E91DA9F1DD6974A136E /* frontend */ = {
			isa = PBXGroup;
			children = (
				C04E3E91DA9F1DD6974A1396 /* token_type.h */,
				C04E3E91DA9F1DD6974A1395 /* statement_parser.h */,
				C04E3E91DA9F1DD6974A1393 /* statement_parser.cpp */,
				C04E3E91DA9F1DD6974A1392 /* reserved_word_to_token_converter.h */,
				C04E3E91DA9F1DD6974A1390 /* reserved_word_to_token_converter.cpp */,
				C04E3E91DA9F1DD6974A138F /* parser_base.h */,
				C04E3E91DA9F1DD6974A138D /* parser_base.cpp */,
				C04E3E91DA9F1DD6974A1382 /* parser.h */,
				C04E3E91DA9F1DD6974A1380 /* parser.cpp */,
				C04E3E91DA9F1DD6974A1333 /* scanner.cpp */,
				C04E3E91DA9F1DD6974A1335 /* scanner.h */,
				C04E3E91DA9F1DD6974A135E /* reserved_word_token.cpp */,
				C04E3E91DA9F1DD6974A1360 /* reserved_word_token.h */,
				C04E3E91DA9F1DD6974A136A /* reserved_word_type.h */,
				C04E3E91DA9F1DD6974A1355 /* real_literal_token.cpp */,
				C04E3E91DA9F1DD6974A1357 /* real_literal_token.h */,
				C04E3E91DA9F1DD6974A1366 /* no_token.h */,
				C04E3E91DA9F1DD6974A1364 /* no_token.cpp */,
				C04E3E91DA9F1DD6974A1342 /* reserved_words_table.cpp */,
				C04E3E91DA9F1DD6974A1344 /* reserved_words_table.h */,
				C04E3E91DA9F1DD6974A132F /* special_character_type.h */,
				C04E3E91DA9F1DD6974A1363 /* special_character_token.h */,
				C04E3E91DA9F1DD6974A1361 /* special_character_token.cpp */,
				C04E3E91DA9F1DD6974A135A /* string_literal_token.h */,
				C04E3E91DA9F1DD6974A1358 /* string_literal_token.cpp */,
				C04E3E91DA9F1DD6974A135B /* identifier_token.cpp */,
				C04E3E91DA9F1DD6974A135D /* identifier_token.h */,
				C04E3E91DA9F1DD6974A1352 /* integral_literal_token.cpp */,
				C04E3E91DA9F1DD6974A1354 /* integral_literal_token.h */,
				C04E3E91DA9F1DD6974A134E /* pascal_exceptions.h */,
				C04E3E91DA9F1DD6974A133F /* file_buffer.h */,
				C04E3E91DA9F1DD6974A133D /* file_buffer.cpp */,
				C04E3E91DA9F1DD6974A136B /* invalid_real_number_exception.cpp */,
				C04E3E91DA9F1DD6974A136D /* invalid_real_number_exception.h */,
				C04E3E91DA9F1DD6974A1345 /* syntax_exception.cpp */,
				C04E3E91DA9F1DD6974A1347 /* syntax_exception.h */,
				C04E3E91DA9F1DD6974A134B /* unclosed_quote_literal_exception.cpp */,
				C04E3E91DA9F1DD6974A134D /* unclosed_quote_literal_exception.h */,
				C04E3E91DA9F1DD6974A1348 /* unexpected_token_exception.cpp */,
				C04E3E91DA9F1DD6974A134A /* unexpected_token_exception.h */,
				C04E3E91DA9F1DD6974A1367 /* eof_token.cpp */,
				C04E3E91DA9F1DD6974A1369 /* eof_token.h */,
				C04E3E91DA9F1DD6974A1332 /* token.h */,
				C04E3E91DA9F1DD6974A1330 /* token.cpp */,
				C04E3E91DA9F1DD6974A1336 /* character_table.cpp */,
				C04E3E91DA9F1DD6974A1338 /* character_table.h */,
				C04E3E91DA9F1DD6974A1339 /* character_category.h */,
			);
			path = frontend;
			sourceTree = "<group>";
		};
		C04E3E91DA9F1DD6974A136F /* intermediate */ = {
			isa = PBXGroup;
			children = (
				C04E3E91DA9F1DD6974A139D /* abstract_syntax_tree.h */,
				C04E3E91DA9F1DD6974A139B /* abstract_syntax_tree.cpp */,
				C04E3E91DA9F1DD6974A139A /* abstract_syntax_tree_node.h */,
				C04E3E91DA9F1DD6974A1398 /* abstract_syntax_tree_node.cpp */,
				C04E3E91DA9F1DD6974A1397 /* abstract_syntax_tree_node_type.h */,
				C04E3E91DA9F1DD6974A137F /* symbol_table.h */,
				C04E3E91DA9F1DD6974A137D /* symbol_table.cpp */,
				C04E3E91DA9F1DD6974A137C /* symbol_table_stack.h */,
				C04E3E91DA9F1DD6974A137A /* symbol_table_stack.cpp */,
				C04E3E91DA9F1DD6974A1379 /* symbol_table_key.h */,
				C04E3E91DA9F1DD6974A1378 /* symbol_table_entry.h */,
				C04E3E91DA9F1DD6974A1376 /* symbol_table_entry.cpp */,
				C04E3E91DA9F1DD6974A1375 /* symbol_table_attribute.h */,
				C04E3E91DA9F1DD6974A1373 /* symbol_table_attribute.cpp */,
				C04E3E91DA9F1DD6974A1372 /* symbol_not_found_exception.h */,
				C04E3E91DA9F1DD6974A1370 /* symbol_not_found_exception.cpp */,
			);
			name = intermediate;
			sourceTree = "<group>";
		};
/* End PBXGroup section */

/* Begin PBXNativeTarget section */
		C04E3E91DA9F1DD6974A1323 /* TinyPascal */ = {
			isa = PBXNativeTarget;
			buildConfigurationList = C04E3E91DA9F1DD6974A1324 /* Build configuration list for PBXNativeTarget "TinyPascal" */;
			buildPhases = (
				C04E3E91DA9F1DD6974A1327 /* Sources */,
				C04E3E91DA9F1DD6974A1328 /* Frameworks */,
				C04E3E91DA9F1DD6974A1329 /* CopyFiles */,
			);
			buildRules = (
			);
			dependencies = (
			);
			name = TinyPascal;
			productName = TinyPascal;
			productReference = C04E3E91DA9F1DD6974A1322 /* TinyPascal */;
			productType = "com.apple.product-type.tool";
		};
/* End PBXNativeTarget section */

/* Begin PBXProject section */
		C04E3E91DA9F1DD6974A131C /* Project object */ = {
			isa = PBXProject;
			buildConfigurationList = C04E3E91DA9F1DD6974A131D /* Build configuration list for PBXProject "TinyPascal" */;
			compatibilityVersion = "Xcode 3.2";
			developmentRegion = English;
			hasScannedForEncodings = 0;
			knownRegions = (
				en,
			);
			mainGroup = C04E3E91DA9F1DD6974A131E;
			productRefGroup = C04E3E91DA9F1DD6974A131F /* Products */;
			projectDirPath = "";
			projectRoot = "";
			targets = (
				C04E3E91DA9F1DD6974A1323 /* TinyPascal */,
			);
		};
/* End PBXProject section */

/* Begin PBXSourcesBuildPhase section */
		C04E3E91DA9F1DD6974A1327 /* Sources */ = {
			isa = PBXSourcesBuildPhase;
			buildActionMask = 2147483647;
			files = (
				C04E3E91DA9F1DD6974A132C /* main.cpp in Sources */,
				C04E3E91DA9F1DD6974A1331 /* token.cpp in Sources */,
				C04E3E91DA9F1DD6974A1334 /* scanner.cpp in Sources */,
				C04E3E91DA9F1DD6974A1337 /* character_table.cpp in Sources */,
				C04E3E91DA9F1DD6974A133E /* file_buffer.cpp in Sources */,
				C04E3E91DA9F1DD6974A1343 /* reserved_words_table.cpp in Sources */,
				C04E3E91DA9F1DD6974A1346 /* syntax_exception.cpp in Sources */,
				C04E3E91DA9F1DD6974A1349 /* unexpected_token_exception.cpp in Sources */,
				C04E3E91DA9F1DD6974A134C /* unclosed_quote_literal_exception.cpp in Sources */,
				C04E3E91DA9F1DD6974A1353 /* integral_literal_token.cpp in Sources */,
				C04E3E91DA9F1DD6974A1356 /* real_literal_token.cpp in Sources */,
				C04E3E91DA9F1DD6974A1359 /* string_literal_token.cpp in Sources */,
				C04E3E91DA9F1DD6974A135C /* identifier_token.cpp in Sources */,
				C04E3E91DA9F1DD6974A135F /* reserved_word_token.cpp in Sources */,
				C04E3E91DA9F1DD6974A1362 /* special_character_token.cpp in Sources */,
				C04E3E91DA9F1DD6974A1365 /* no_token.cpp in Sources */,
				C04E3E91DA9F1DD6974A1368 /* eof_token.cpp in Sources */,
				C04E3E91DA9F1DD6974A136C /* invalid_real_number_exception.cpp in Sources */,
				C04E3E91DA9F1DD6974A1371 /* symbol_not_found_exception.cpp in Sources */,
				C04E3E91DA9F1DD6974A1374 /* symbol_table_attribute.cpp in Sources */,
				C04E3E91DA9F1DD6974A1377 /* symbol_table_entry.cpp in Sources */,
				C04E3E91DA9F1DD6974A137B /* symbol_table_stack.cpp in Sources */,
				C04E3E91DA9F1DD6974A137E /* symbol_table.cpp in Sources */,
				C04E3E91DA9F1DD6974A1381 /* parser.cpp in Sources */,
				C04E3E91DA9F1DD6974A138B /* compiler.cpp in Sources */,
				C04E3E91DA9F1DD6974A138E /* parser_base.cpp in Sources */,
				C04E3E91DA9F1DD6974A1391 /* reserved_word_to_token_converter.cpp in Sources */,
				C04E3E91DA9F1DD6974A1394 /* statement_parser.cpp in Sources */,
				C04E3E91DA9F1DD6974A1399 /* abstract_syntax_tree_node.cpp in Sources */,
				C04E3E91DA9F1DD6974A139C /* abstract_syntax_tree.cpp in Sources */,
			);
			runOnlyForDeploymentPostprocessing = 0;
		};
/* End PBXSourcesBuildPhase section */

/* Begin XCBuildConfiguration section */
		C04E3E91DA9F1DD6974A1320 /* Release */ = {
			isa = XCBuildConfiguration;
			buildSettings = {
				ALWAYS_SEARCH_USER_PATHS = NO;
				ARCHS = "$(ARCHS_STANDARD_64_BIT)";
				CLANG_CXX_LANGUAGE_STANDARD = "c++0x";
				CLANG_CXX_LIBRARY = "libc++";
				COPY_PHASE_STRIP = YES;
				DEBUG_INFORMATION_FORMAT = "dwarf-with-dsym";
				GCC_C_LANGUAGE_STANDARD = gnu99;
				GCC_ENABLE_OBJC_EXCEPTIONS = YES;
				GCC_VERSION = com.apple.compilers.llvm.clang.1_0;
				GCC_WARN_64_TO_32_BIT_CONVERSION = YES;
				GCC_WARN_ABOUT_RETURN_TYPE = YES;
				GCC_WARN_UNINITIALIZED_AUTOS = YES;
				GCC_WARN_UNUSED_VARIABLE = YES;
				HEADER_SEARCH_PATHS = /usr/local/include;
				MACOSX_DEPLOYMENT_TARGET = 10.7;
				SDKROOT = macosx;
			};
			name = Release;
		};
		C04E3E91DA9F1DD6974A1321 /* Debug */ = {
			isa = XCBuildConfiguration;
			buildSettings = {
				ALWAYS_SEARCH_USER_PATHS = NO;
				ARCHS = "$(ARCHS_STANDARD_64_BIT)";
				CLANG_CXX_LANGUAGE_STANDARD = "c++0x";
				CLANG_CXX_LIBRARY = "libc++";
				COPY_PHASE_STRIP = NO;
				GCC_C_LANGUAGE_STANDARD = gnu99;
				GCC_DYNAMIC_NO_PIC = NO;
				GCC_ENABLE_OBJC_EXCEPTIONS = YES;
				GCC_OPTIMIZATION_LEVEL = 0;
				GCC_PREPROCESSOR_DEFINITIONS = (
					"DEBUG=1",
					"$(inherited)",
				);
				GCC_SYMBOLS_PRIVATE_EXTERN = NO;
				GCC_VERSION = com.apple.compilers.llvm.clang.1_0;
				GCC_WARN_64_TO_32_BIT_CONVERSION = YES;
				GCC_WARN_ABOUT_RETURN_TYPE = YES;
				GCC_WARN_UNINITIALIZED_AUTOS = YES;
				GCC_WARN_UNUSED_VARIABLE = YES;
				HEADER_SEARCH_PATHS = /usr/local/include;
				MACOSX_DEPLOYMENT_TARGET = 10.7;
				ONLY_ACTIVE_ARCH = YES;
				SDKROOT = macosx;
			};
			name = Debug;
		};
		C04E3E91DA9F1DD6974A1325 /* Release */ = {
			isa = XCBuildConfiguration;
			buildSettings = {
				PRODUCT_NAME = "$(TARGET_NAME)";
			};
			name = Release;
		};
		C04E3E91DA9F1DD6974A1326 /* Debug */ = {
			isa = XCBuildConfiguration;
			buildSettings = {
				PRODUCT_NAME = "$(TARGET_NAME)";
			};
			name = Debug;
		};
/* End XCBuildConfiguration section */

/* Begin XCConfigurationList section */
		C04E3E91DA9F1DD6974A131D /* Build configuration list for PBXProject "TinyPascal" */ = {
			isa = XCConfigurationList;
			buildConfigurations = (
				C04E3E91DA9F1DD6974A1320 /* Release */,
				C04E3E91DA9F1DD6974A1321 /* Debug */,
			);
			defaultConfigurationIsVisible = 0;
			defaultConfigurationName = Release;
		};
		C04E3E91DA9F1DD6974A1324 /* Build configuration list for PBXNativeTarget "TinyPascal" */ = {
			isa = XCConfigurationList;
			buildConfigurations = (
				C04E3E91DA9F1DD6974A1325 /* Release */,
				C04E3E91DA9F1DD6974A1326 /* Debug */,
			);
			defaultConfigurationIsVisible = 0;
			defaultConfigurationName = Release;
		};
/* End XCConfigurationList section */
	};
	rootObject = C04E3E91DA9F1DD6974A131C /* Project object */;
}
